// !$*UTF8*$!
{
	archiveVersion = 1;
	classes = {
	};
	objectVersion = 55;
	objects = {

/* Begin PBXBuildFile section */
		93BC54CD291D1D42005123CC /* main.cpp in Sources */ = {isa = PBXBuildFile; fileRef = 93BC54CC291D1D42005123CC /* main.cpp */; };
		93BC54E3291D3BB0005123CC /* OpenGL.framework in Frameworks */ = {isa = PBXBuildFile; fileRef = 93BC54D4291D1D91005123CC /* OpenGL.framework */; };
		93BC54E7291E5A64005123CC /* libSDL2-2.0.dylib in Frameworks */ = {isa = PBXBuildFile; fileRef = 93BC54E6291E5A64005123CC /* libSDL2-2.0.dylib */; };
		93BC54EA291EA929005123CC /* SDLWrapper.cpp in Sources */ = {isa = PBXBuildFile; fileRef = 93BC54E8291EA929005123CC /* SDLWrapper.cpp */; };
		93BC54ED291EC14F005123CC /* Primitive.cpp in Sources */ = {isa = PBXBuildFile; fileRef = 93BC54EB291EC14F005123CC /* Primitive.cpp */; };
/* End PBXBuildFile section */

/* Begin PBXCopyFilesBuildPhase section */
		93BC54C7291D1D42005123CC /* CopyFiles */ = {
			isa = PBXCopyFilesBuildPhase;
			buildActionMask = 2147483647;
			dstPath = /usr/share/man/man1/;
			dstSubfolderSpec = 0;
			files = (
			);
			runOnlyForDeploymentPostprocessing = 1;
		};
		93BC54E2291D3AF7005123CC /* Embed Frameworks */ = {
			isa = PBXCopyFilesBuildPhase;
			buildActionMask = 2147483647;
			dstPath = "";
			dstSubfolderSpec = 10;
			files = (
			);
			name = "Embed Frameworks";
			runOnlyForDeploymentPostprocessing = 0;
		};
/* End PBXCopyFilesBuildPhase section */

/* Begin PBXFileReference section */
		93BC54C9291D1D42005123CC /* LemonEngine */ = {isa = PBXFileReference; explicitFileType = "compiled.mach-o.executable"; includeInIndex = 0; path = LemonEngine; sourceTree = BUILT_PRODUCTS_DIR; };
		93BC54CC291D1D42005123CC /* main.cpp */ = {isa = PBXFileReference; lastKnownFileType = sourcecode.cpp.cpp; path = main.cpp; sourceTree = "<group>"; };
		93BC54D4291D1D91005123CC /* OpenGL.framework */ = {isa = PBXFileReference; lastKnownFileType = wrapper.framework; name = OpenGL.framework; path = System/Library/Frameworks/OpenGL.framework; sourceTree = SDKROOT; };
		93BC54E6291E5A64005123CC /* libSDL2-2.0.dylib */ = {isa = PBXFileReference; lastKnownFileType = "compiled.mach-o.dylib"; name = "libSDL2-2.0.dylib"; path = "dependencies/SDL2/lib/libSDL2-2.0.dylib"; sourceTree = "<group>"; };
		93BC54E8291EA929005123CC /* SDLWrapper.cpp */ = {isa = PBXFileReference; lastKnownFileType = sourcecode.cpp.cpp; path = SDLWrapper.cpp; sourceTree = "<group>"; };
		93BC54E9291EA929005123CC /* SDLWrapper.h */ = {isa = PBXFileReference; lastKnownFileType = sourcecode.c.h; path = SDLWrapper.h; sourceTree = "<group>"; };
		93BC54EB291EC14F005123CC /* Primitive.cpp */ = {isa = PBXFileReference; lastKnownFileType = sourcecode.cpp.cpp; path = Primitive.cpp; sourceTree = "<group>"; };
		93BC54EC291EC14F005123CC /* Primitive.h */ = {isa = PBXFileReference; lastKnownFileType = sourcecode.c.h; path = Primitive.h; sourceTree = "<group>"; };
/* End PBXFileReference section */

/* Begin PBXFrameworksBuildPhase section */
		93BC54C6291D1D42005123CC /* Frameworks */ = {
			isa = PBXFrameworksBuildPhase;
			buildActionMask = 2147483647;
			files = (
				93BC54E7291E5A64005123CC /* libSDL2-2.0.dylib in Frameworks */,
				93BC54E3291D3BB0005123CC /* OpenGL.framework in Frameworks */,
			);
			runOnlyForDeploymentPostprocessing = 0;
		};
/* End PBXFrameworksBuildPhase section */

/* Begin PBXGroup section */
		93BC54C0291D1D42005123CC = {
			isa = PBXGroup;
			children = (
				93BC54CB291D1D42005123CC /* LemonEngine */,
				93BC54CA291D1D42005123CC /* Products */,
				93BC54D3291D1D91005123CC /* Frameworks */,
			);
			sourceTree = "<group>";
		};
		93BC54CA291D1D42005123CC /* Products */ = {
			isa = PBXGroup;
			children = (
				93BC54C9291D1D42005123CC /* LemonEngine */,
			);
			name = Products;
			sourceTree = "<group>";
		};
		93BC54CB291D1D42005123CC /* LemonEngine */ = {
			isa = PBXGroup;
			children = (
				93BC54CC291D1D42005123CC /* main.cpp */,
				93BC54E8291EA929005123CC /* SDLWrapper.cpp */,
				93BC54E9291EA929005123CC /* SDLWrapper.h */,
				93BC54EB291EC14F005123CC /* Primitive.cpp */,
				93BC54EC291EC14F005123CC /* Primitive.h */,
			);
			path = LemonEngine;
			sourceTree = "<group>";
		};
		93BC54D3291D1D91005123CC /* Frameworks */ = {
			isa = PBXGroup;
			children = (
				93BC54E6291E5A64005123CC /* libSDL2-2.0.dylib */,
				93BC54D4291D1D91005123CC /* OpenGL.framework */,
			);
			name = Frameworks;
			sourceTree = "<group>";
		};
/* End PBXGroup section */

/* Begin PBXNativeTarget section */
		93BC54C8291D1D42005123CC /* LemonEngine */ = {
			isa = PBXNativeTarget;
			buildConfigurationList = 93BC54D0291D1D42005123CC /* Build configuration list for PBXNativeTarget "LemonEngine" */;
			buildPhases = (
				93BC54C5291D1D42005123CC /* Sources */,
				93BC54C6291D1D42005123CC /* Frameworks */,
				93BC54C7291D1D42005123CC /* CopyFiles */,
				93BC54E2291D3AF7005123CC /* Embed Frameworks */,
			);
			buildRules = (
			);
			dependencies = (
			);
			name = LemonEngine;
			productName = LemonEngine;
			productReference = 93BC54C9291D1D42005123CC /* LemonEngine */;
			productType = "com.apple.product-type.tool";
		};
/* End PBXNativeTarget section */

/* Begin PBXProject section */
		93BC54C1291D1D42005123CC /* Project object */ = {
			isa = PBXProject;
			attributes = {
				BuildIndependentTargetsInParallel = 1;
				LastUpgradeCheck = 1340;
				TargetAttributes = {
					93BC54C8291D1D42005123CC = {
						CreatedOnToolsVersion = 13.4.1;
					};
				};
			};
			buildConfigurationList = 93BC54C4291D1D42005123CC /* Build configuration list for PBXProject "LemonEngine" */;
			compatibilityVersion = "Xcode 13.0";
			developmentRegion = en;
			hasScannedForEncodings = 0;
			knownRegions = (
				en,
				Base,
			);
			mainGroup = 93BC54C0291D1D42005123CC;
			productRefGroup = 93BC54CA291D1D42005123CC /* Products */;
			projectDirPath = "";
			projectRoot = "";
			targets = (
				93BC54C8291D1D42005123CC /* LemonEngine */,
			);
		};
/* End PBXProject section */

/* Begin PBXSourcesBuildPhase section */
		93BC54C5291D1D42005123CC /* Sources */ = {
			isa = PBXSourcesBuildPhase;
			buildActionMask = 2147483647;
			files = (
				93BC54CD291D1D42005123CC /* main.cpp in Sources */,
				93BC54ED291EC14F005123CC /* Primitive.cpp in Sources */,
				93BC54EA291EA929005123CC /* SDLWrapper.cpp in Sources */,
			);
			runOnlyForDeploymentPostprocessing = 0;
		};
/* End PBXSourcesBuildPhase section */

/* Begin XCBuildConfiguration section */
		93BC54CE291D1D42005123CC /* Debug */ = {
			isa = XCBuildConfiguration;
			buildSettings = {
				ALWAYS_SEARCH_USER_PATHS = NO;
				CLANG_ANALYZER_NONNULL = YES;
				CLANG_ANALYZER_NUMBER_OBJECT_CONVERSION = YES_AGGRESSIVE;
				CLANG_CXX_LANGUAGE_STANDARD = "gnu++17";
				CLANG_ENABLE_MODULES = YES;
				CLANG_ENABLE_OBJC_ARC = YES;
				CLANG_ENABLE_OBJC_WEAK = YES;
				CLANG_WARN_BLOCK_CAPTURE_AUTORELEASING = YES;
				CLANG_WARN_BOOL_CONVERSION = YES;
				CLANG_WARN_COMMA = YES;
				CLANG_WARN_CONSTANT_CONVERSION = YES;
				CLANG_WARN_DEPRECATED_OBJC_IMPLEMENTATIONS = YES;
				CLANG_WARN_DIRECT_OBJC_ISA_USAGE = YES_ERROR;
				CLANG_WARN_DOCUMENTATION_COMMENTS = YES;
				CLANG_WARN_EMPTY_BODY = YES;
				CLANG_WARN_ENUM_CONVERSION = YES;
				CLANG_WARN_INFINITE_RECURSION = YES;
				CLANG_WARN_INT_CONVERSION = YES;
				CLANG_WARN_NON_LITERAL_NULL_CONVERSION = YES;
				CLANG_WARN_OBJC_IMPLICIT_RETAIN_SELF = YES;
				CLANG_WARN_OBJC_LITERAL_CONVERSION = YES;
				CLANG_WARN_OBJC_ROOT_CLASS = YES_ERROR;
				CLANG_WARN_QUOTED_INCLUDE_IN_FRAMEWORK_HEADER = YES;
				CLANG_WARN_RANGE_LOOP_ANALYSIS = YES;
				CLANG_WARN_STRICT_PROTOTYPES = YES;
				CLANG_WARN_SUSPICIOUS_MOVE = YES;
				CLANG_WARN_UNGUARDED_AVAILABILITY = YES_AGGRESSIVE;
				CLANG_WARN_UNREACHABLE_CODE = YES;
				CLANG_WARN__DUPLICATE_METHOD_MATCH = YES;
				COPY_PHASE_STRIP = NO;
				DEBUG_INFORMATION_FORMAT = dwarf;
				ENABLE_STRICT_OBJC_MSGSEND = YES;
				ENABLE_TESTABILITY = YES;
				GCC_C_LANGUAGE_STANDARD = gnu11;
				GCC_DYNAMIC_NO_PIC = NO;
				GCC_NO_COMMON_BLOCKS = YES;
				GCC_OPTIMIZATION_LEVEL = 0;
				GCC_PREPROCESSOR_DEFINITIONS = (
					"DEBUG=1",
					"$(inherited)",
				);
				GCC_WARN_64_TO_32_BIT_CONVERSION = YES;
				GCC_WARN_ABOUT_RETURN_TYPE = YES_ERROR;
				GCC_WARN_UNDECLARED_SELECTOR = YES;
				GCC_WARN_UNINITIALIZED_AUTOS = YES_AGGRESSIVE;
				GCC_WARN_UNUSED_FUNCTION = YES;
				GCC_WARN_UNUSED_VARIABLE = YES;
				MACOSX_DEPLOYMENT_TARGET = 12.2;
				MTL_ENABLE_DEBUG_INFO = INCLUDE_SOURCE;
				MTL_FAST_MATH = YES;
				ONLY_ACTIVE_ARCH = YES;
				SDKROOT = macosx;
			};
			name = Debug;
		};
		93BC54CF291D1D42005123CC /* Release */ = {
			isa = XCBuildConfiguration;
			buildSettings = {
				ALWAYS_SEARCH_USER_PATHS = NO;
				CLANG_ANALYZER_NONNULL = YES;
				CLANG_ANALYZER_NUMBER_OBJECT_CONVERSION = YES_AGGRESSIVE;
				CLANG_CXX_LANGUAGE_STANDARD = "gnu++17";
				CLANG_ENABLE_MODULES = YES;
				CLANG_ENABLE_OBJC_ARC = YES;
				CLANG_ENABLE_OBJC_WEAK = YES;
				CLANG_WARN_BLOCK_CAPTURE_AUTORELEASING = YES;
				CLANG_WARN_BOOL_CONVERSION = YES;
				CLANG_WARN_COMMA = YES;
				CLANG_WARN_CONSTANT_CONVERSION = YES;
				CLANG_WARN_DEPRECATED_OBJC_IMPLEMENTATIONS = YES;
				CLANG_WARN_DIRECT_OBJC_ISA_USAGE = YES_ERROR;
				CLANG_WARN_DOCUMENTATION_COMMENTS = YES;
				CLANG_WARN_EMPTY_BODY = YES;
				CLANG_WARN_ENUM_CONVERSION = YES;
				CLANG_WARN_INFINITE_RECURSION = YES;
				CLANG_WARN_INT_CONVERSION = YES;
				CLANG_WARN_NON_LITERAL_NULL_CONVERSION = YES;
				CLANG_WARN_OBJC_IMPLICIT_RETAIN_SELF = YES;
				CLANG_WARN_OBJC_LITERAL_CONVERSION = YES;
				CLANG_WARN_OBJC_ROOT_CLASS = YES_ERROR;
				CLANG_WARN_QUOTED_INCLUDE_IN_FRAMEWORK_HEADER = YES;
				CLANG_WARN_RANGE_LOOP_ANALYSIS = YES;
				CLANG_WARN_STRICT_PROTOTYPES = YES;
				CLANG_WARN_SUSPICIOUS_MOVE = YES;
				CLANG_WARN_UNGUARDED_AVAILABILITY = YES_AGGRESSIVE;
				CLANG_WARN_UNREACHABLE_CODE = YES;
				CLANG_WARN__DUPLICATE_METHOD_MATCH = YES;
				COPY_PHASE_STRIP = NO;
				DEBUG_INFORMATION_FORMAT = "dwarf-with-dsym";
				ENABLE_NS_ASSERTIONS = NO;
				ENABLE_STRICT_OBJC_MSGSEND = YES;
				GCC_C_LANGUAGE_STANDARD = gnu11;
				GCC_NO_COMMON_BLOCKS = YES;
				GCC_WARN_64_TO_32_BIT_CONVERSION = YES;
				GCC_WARN_ABOUT_RETURN_TYPE = YES_ERROR;
				GCC_WARN_UNDECLARED_SELECTOR = YES;
				GCC_WARN_UNINITIALIZED_AUTOS = YES_AGGRESSIVE;
				GCC_WARN_UNUSED_FUNCTION = YES;
				GCC_WARN_UNUSED_VARIABLE = YES;
				MACOSX_DEPLOYMENT_TARGET = 12.2;
				MTL_ENABLE_DEBUG_INFO = NO;
				MTL_FAST_MATH = YES;
				SDKROOT = macosx;
			};
			name = Release;
		};
		93BC54D1291D1D42005123CC /* Debug */ = {
			isa = XCBuildConfiguration;
			buildSettings = {
				CODE_SIGN_IDENTITY = "";
				CODE_SIGN_STYLE = Automatic;
				DEVELOPMENT_TEAM = CAY32ZA93Q;
				ENABLE_HARDENED_RUNTIME = YES;
				FRAMEWORK_SEARCH_PATHS = (
					"$(inherited)",
					"$(PROJECT_DIR)/dependencies",
					"$(LOCAL_LIBRARY_DIR)/Frameworks",
				);
				HEADER_SEARCH_PATHS = /Users/grant/dev/LemonEngine/dependencies/SDL2/include;
				LIBRARY_SEARCH_PATHS = (
					"$(inherited)",
					"$(PROJECT_DIR)/dependencies/SDL2/lib",
				);
				PRODUCT_NAME = "$(TARGET_NAME)";
			};
			name = Debug;
		};
		93BC54D2291D1D42005123CC /* Release */ = {
			isa = XCBuildConfiguration;
			buildSettings = {
				CODE_SIGN_IDENTITY = "";
				CODE_SIGN_STYLE = Automatic;
				DEVELOPMENT_TEAM = CAY32ZA93Q;
				ENABLE_HARDENED_RUNTIME = YES;
				FRAMEWORK_SEARCH_PATHS = (
					"$(inherited)",
					"$(PROJECT_DIR)/dependencies",
					"$(LOCAL_LIBRARY_DIR)/Frameworks",
				);
				HEADER_SEARCH_PATHS = /Users/grant/dev/LemonEngine/dependencies/SDL2/include;
				LIBRARY_SEARCH_PATHS = (
					"$(inherited)",
					"$(PROJECT_DIR)/dependencies/SDL2/lib",
				);
				PRODUCT_NAME = "$(TARGET_NAME)";
			};
			name = Release;
		};
/* End XCBuildConfiguration section */

/* Begin XCConfigurationList section */
		93BC54C4291D1D42005123CC /* Build configuration list for PBXProject "LemonEngine" */ = {
			isa = XCConfigurationList;
			buildConfigurations = (
				93BC54CE291D1D42005123CC /* Debug */,
				93BC54CF291D1D42005123CC /* Release */,
			);
			defaultConfigurationIsVisible = 0;
			defaultConfigurationName = Release;
		};
		93BC54D0291D1D42005123CC /* Build configuration list for PBXNativeTarget "LemonEngine" */ = {
			isa = XCConfigurationList;
			buildConfigurations = (
				93BC54D1291D1D42005123CC /* Debug */,
				93BC54D2291D1D42005123CC /* Release */,
			);
			defaultConfigurationIsVisible = 0;
			defaultConfigurationName = Release;
		};
/* End XCConfigurationList section */
	};
	rootObject = 93BC54C1291D1D42005123CC /* Project object */;
}
